
Microsoft Visual Studio Solution File, Format Version 12.00
# Visual Studio 14
VisualStudioVersion = 14.0.25420.1
MinimumVisualStudioVersion = 10.0.40219.1
Project("{2150E333-8FDC-42A3-9474-1A3956D46DE8}") = "Clients", "Clients", "{D07665D4-C039-420C-A290-847116637163}"
EndProject
Project("{2150E333-8FDC-42A3-9474-1A3956D46DE8}") = "Libs", "Libs", "{A26FE0F4-CE46-417D-AF3A-EC9428FA4F45}"
EndProject
Project("{2150E333-8FDC-42A3-9474-1A3956D46DE8}") = "Tests", "Tests", "{1601209C-9EBF-401B-A6FF-EB54BCB33206}"
EndProject
Project("{FAE04EC0-301F-11D3-BF4B-00C04F79EFBC}") = "Bg-Fishing.Models", "Bg-Fishing.Models\Bg-Fishing.Models.csproj", "{85F5D3F9-9B86-4BD0-980E-CEA73929FC63}"
EndProject
Project("{FAE04EC0-301F-11D3-BF4B-00C04F79EFBC}") = "Bg-Fishing.Utils", "Bg-Fishing.Utils\Bg-Fishing.Utils.csproj", "{53AFDE11-A936-4386-BB69-F695F417E7E5}"
EndProject
Project("{FAE04EC0-301F-11D3-BF4B-00C04F79EFBC}") = "Bg-Fishing.Services", "Bg-Fishing.Services\Bg-Fishing.Services.csproj", "{6D2C8DA8-A126-439B-A0D2-F486E8C149B1}"
EndProject
Project("{FAE04EC0-301F-11D3-BF4B-00C04F79EFBC}") = "Bg-Fishing.Data", "Bg-Fishing.Data\Bg-Fishing.Data.csproj", "{E84D8AE0-C348-4B83-8A01-9086799FF3B8}"
EndProject
Project("{FAE04EC0-301F-11D3-BF4B-00C04F79EFBC}") = "Bg-Fishing.DTOs", "Bg-Fishing.DTOs\Bg-Fishing.DTOs.csproj", "{4E95DC48-F55A-47B2-99D5-12D5AAE88A54}"
EndProject
Project("{FAE04EC0-301F-11D3-BF4B-00C04F79EFBC}") = "Bg-Fishing.MvcClient", "Bg-Fishing.MvcClient\Bg-Fishing.MvcClient.csproj", "{50FFB861-DEFB-4C94-AAD5-901E8E9A8D18}"
EndProject
Project("{FAE04EC0-301F-11D3-BF4B-00C04F79EFBC}") = "Bg-Fishing.Tests", "Bg-Fishing.Tests\Bg-Fishing.Tests.csproj", "{3949D031-D8B5-41A9-815E-ED08B8FFBE3D}"
EndProject
Project("{FAE04EC0-301F-11D3-BF4B-00C04F79EFBC}") = "Bg-Fishing.Auth", "Bg-Fishing.Auth\Bg-Fishing.Auth.csproj", "{1808E7BA-2D82-4C6A-B828-9352256F75D8}"
EndProject
Project("{FAE04EC0-301F-11D3-BF4B-00C04F79EFBC}") = "Bg-Fishing.Factories", "Bg-Fishing.Factories\Bg-Fishing.Factories.csproj", "{1594E717-D78F-4050-83D9-56CE6C5A52E9}"
EndProject
Global
	GlobalSection(SolutionConfigurationPlatforms) = preSolution
		Debug|Any CPU = Debug|Any CPU
		Release|Any CPU = Release|Any CPU
	EndGlobalSection
	GlobalSection(ProjectConfigurationPlatforms) = postSolution
		{85F5D3F9-9B86-4BD0-980E-CEA73929FC63}.Debug|Any CPU.ActiveCfg = Debug|Any CPU
		{85F5D3F9-9B86-4BD0-980E-CEA73929FC63}.Debug|Any CPU.Build.0 = Debug|Any CPU
		{85F5D3F9-9B86-4BD0-980E-CEA73929FC63}.Release|Any CPU.ActiveCfg = Release|Any CPU
		{85F5D3F9-9B86-4BD0-980E-CEA73929FC63}.Release|Any CPU.Build.0 = Release|Any CPU
		{53AFDE11-A936-4386-BB69-F695F417E7E5}.Debug|Any CPU.ActiveCfg = Debug|Any CPU
		{53AFDE11-A936-4386-BB69-F695F417E7E5}.Debug|Any CPU.Build.0 = Debug|Any CPU
		{53AFDE11-A936-4386-BB69-F695F417E7E5}.Release|Any CPU.ActiveCfg = Release|Any CPU
		{53AFDE11-A936-4386-BB69-F695F417E7E5}.Release|Any CPU.Build.0 = Release|Any CPU
		{6D2C8DA8-A126-439B-A0D2-F486E8C149B1}.Debug|Any CPU.ActiveCfg = Debug|Any CPU
		{6D2C8DA8-A126-439B-A0D2-F486E8C149B1}.Debug|Any CPU.Build.0 = Debug|Any CPU
		{6D2C8DA8-A126-439B-A0D2-F486E8C149B1}.Release|Any CPU.ActiveCfg = Release|Any CPU
		{6D2C8DA8-A126-439B-A0D2-F486E8C149B1}.Release|Any CPU.Build.0 = Release|Any CPU
		{E84D8AE0-C348-4B83-8A01-9086799FF3B8}.Debug|Any CPU.ActiveCfg = Debug|Any CPU
		{E84D8AE0-C348-4B83-8A01-9086799FF3B8}.Debug|Any CPU.Build.0 = Debug|Any CPU
		{E84D8AE0-C348-4B83-8A01-9086799FF3B8}.Release|Any CPU.ActiveCfg = Release|Any CPU
		{E84D8AE0-C348-4B83-8A01-9086799FF3B8}.Release|Any CPU.Build.0 = Release|Any CPU
		{4E95DC48-F55A-47B2-99D5-12D5AAE88A54}.Debug|Any CPU.ActiveCfg = Debug|Any CPU
		{4E95DC48-F55A-47B2-99D5-12D5AAE88A54}.Debug|Any CPU.Build.0 = Debug|Any CPU
		{4E95DC48-F55A-47B2-99D5-12D5AAE88A54}.Release|Any CPU.ActiveCfg = Release|Any CPU
		{4E95DC48-F55A-47B2-99D5-12D5AAE88A54}.Release|Any CPU.Build.0 = Release|Any CPU
		{50FFB861-DEFB-4C94-AAD5-901E8E9A8D18}.Debug|Any CPU.ActiveCfg = Debug|Any CPU
		{50FFB861-DEFB-4C94-AAD5-901E8E9A8D18}.Debug|Any CPU.Build.0 = Debug|Any CPU
		{50FFB861-DEFB-4C94-AAD5-901E8E9A8D18}.Release|Any CPU.ActiveCfg = Release|Any CPU
		{50FFB861-DEFB-4C94-AAD5-901E8E9A8D18}.Release|Any CPU.Build.0 = Release|Any CPU
		{3949D031-D8B5-41A9-815E-ED08B8FFBE3D}.Debug|Any CPU.ActiveCfg = Debug|Any CPU
		{3949D031-D8B5-41A9-815E-ED08B8FFBE3D}.Debug|Any CPU.Build.0 = Debug|Any CPU
		{3949D031-D8B5-41A9-815E-ED08B8FFBE3D}.Release|Any CPU.ActiveCfg = Release|Any CPU
		{3949D031-D8B5-41A9-815E-ED08B8FFBE3D}.Release|Any CPU.Build.0 = Release|Any CPU
		{1808E7BA-2D82-4C6A-B828-9352256F75D8}.Debug|Any CPU.ActiveCfg = Debug|Any CPU
		{1808E7BA-2D82-4C6A-B828-9352256F75D8}.Debug|Any CPU.Build.0 = Debug|Any CPU
		{1808E7BA-2D82-4C6A-B828-9352256F75D8}.Release|Any CPU.ActiveCfg = Release|Any CPU
		{1808E7BA-2D82-4C6A-B828-9352256F75D8}.Release|Any CPU.Build.0 = Release|Any CPU
		{1594E717-D78F-4050-83D9-56CE6C5A52E9}.Debug|Any CPU.ActiveCfg = Debug|Any CPU
		{1594E717-D78F-4050-83D9-56CE6C5A52E9}.Debug|Any CPU.Build.0 = Debug|Any CPU
		{1594E717-D78F-4050-83D9-56CE6C5A52E9}.Release|Any CPU.ActiveCfg = Release|Any CPU
		{1594E717-D78F-4050-83D9-56CE6C5A52E9}.Release|Any CPU.Build.0 = Release|Any CPU
	EndGlobalSection
	GlobalSection(SolutionProperties) = preSolution
		HideSolutionNode = FALSE
	EndGlobalSection
	GlobalSection(NestedProjects) = preSolution
		{85F5D3F9-9B86-4BD0-980E-CEA73929FC63} = {A26FE0F4-CE46-417D-AF3A-EC9428FA4F45}
		{53AFDE11-A936-4386-BB69-F695F417E7E5} = {A26FE0F4-CE46-417D-AF3A-EC9428FA4F45}
		{6D2C8DA8-A126-439B-A0D2-F486E8C149B1} = {A26FE0F4-CE46-417D-AF3A-EC9428FA4F45}
		{E84D8AE0-C348-4B83-8A01-9086799FF3B8} = {A26FE0F4-CE46-417D-AF3A-EC9428FA4F45}
		{4E95DC48-F55A-47B2-99D5-12D5AAE88A54} = {A26FE0F4-CE46-417D-AF3A-EC9428FA4F45}
		{50FFB861-DEFB-4C94-AAD5-901E8E9A8D18} = {D07665D4-C039-420C-A290-847116637163}
		{3949D031-D8B5-41A9-815E-ED08B8FFBE3D} = {1601209C-9EBF-401B-A6FF-EB54BCB33206}
		{1808E7BA-2D82-4C6A-B828-9352256F75D8} = {A26FE0F4-CE46-417D-AF3A-EC9428FA4F45}
		{1594E717-D78F-4050-83D9-56CE6C5A52E9} = {A26FE0F4-CE46-417D-AF3A-EC9428FA4F45}
	EndGlobalSection
EndGlobal
